
Microsoft Visual Studio Solution File, Format Version 12.00
# Visual Studio Version 17
VisualStudioVersion = 17.8.34408.163
MinimumVisualStudioVersion = 10.0.40219.1
Project("{FAE04EC0-301F-11D3-BF4B-00C04F79EFBC}") = "ASM2 DATA", "ASM2 DATA\ASM2 DATA.csproj", "{F747283B-AEBF-4000-AE14-7BBB9E63F67F}"
EndProject
Global
	GlobalSection(SolutionConfigurationPlatforms) = preSolution
		Debug|Any CPU = Debug|Any CPU
		Release|Any CPU = Release|Any CPU
	EndGlobalSection
	GlobalSection(ProjectConfigurationPlatforms) = postSolution
		{F747283B-AEBF-4000-AE14-7BBB9E63F67F}.Debug|Any CPU.ActiveCfg = Debug|Any CPU
		{F747283B-AEBF-4000-AE14-7BBB9E63F67F}.Debug|Any CPU.Build.0 = Debug|Any CPU
		{F747283B-AEBF-4000-AE14-7BBB9E63F67F}.Release|Any CPU.ActiveCfg = Release|Any CPU
		{F747283B-AEBF-4000-AE14-7BBB9E63F67F}.Release|Any CPU.Build.0 = Release|Any CPU
	EndGlobalSection
	GlobalSection(SolutionProperties) = preSolution
		HideSolutionNode = FALSE
	EndGlobalSection
	GlobalSection(ExtensibilityGlobals) = postSolution
		SolutionGuid = {83041BB6-C912-4B90-B177-DCCD59F11970}
	EndGlobalSection
EndGlobal
